
Microsoft Visual Studio Solution File, Format Version 12.00
# Visual Studio Version 17
VisualStudioVersion = 17.14.36310.24 d17.14
MinimumVisualStudioVersion = 10.0.40219.1
Project("{FAE04EC0-301F-11D3-BF4B-00C04F79EFBC}") = "Bank.Api", "Bank.Api\Bank.Api.csproj", "{06262968-3630-49E0-9FF0-FF5295DBAC6B}"
EndProject
Project("{FAE04EC0-301F-11D3-BF4B-00C04F79EFBC}") = "Bank.Domain", "Bank.Domain\Bank.Domain.csproj", "{F791F311-2496-4841-A821-8FAAB2C20EC1}"
EndProject
Project("{FAE04EC0-301F-11D3-BF4B-00C04F79EFBC}") = "Bank.Application", "Bank.Application\Bank.Application.csproj", "{7DF43332-4C1E-4521-A337-1D82C4D74360}"
EndProject
Project("{FAE04EC0-301F-11D3-BF4B-00C04F79EFBC}") = "Bank.Infrastructure", "Bank.Infrastructure\Bank.Infrastructure.csproj", "{2F46152C-BEDA-4C3E-94A6-577D17C36771}"
EndProject
Global
	GlobalSection(SolutionConfigurationPlatforms) = preSolution
		Debug|Any CPU = Debug|Any CPU
		Release|Any CPU = Release|Any CPU
	EndGlobalSection
	GlobalSection(ProjectConfigurationPlatforms) = postSolution
		{06262968-3630-49E0-9FF0-FF5295DBAC6B}.Debug|Any CPU.ActiveCfg = Debug|Any CPU
		{06262968-3630-49E0-9FF0-FF5295DBAC6B}.Debug|Any CPU.Build.0 = Debug|Any CPU
		{06262968-3630-49E0-9FF0-FF5295DBAC6B}.Release|Any CPU.ActiveCfg = Release|Any CPU
		{06262968-3630-49E0-9FF0-FF5295DBAC6B}.Release|Any CPU.Build.0 = Release|Any CPU
		{F791F311-2496-4841-A821-8FAAB2C20EC1}.Debug|Any CPU.ActiveCfg = Debug|Any CPU
		{F791F311-2496-4841-A821-8FAAB2C20EC1}.Debug|Any CPU.Build.0 = Debug|Any CPU
		{F791F311-2496-4841-A821-8FAAB2C20EC1}.Release|Any CPU.ActiveCfg = Release|Any CPU
		{F791F311-2496-4841-A821-8FAAB2C20EC1}.Release|Any CPU.Build.0 = Release|Any CPU
		{7DF43332-4C1E-4521-A337-1D82C4D74360}.Debug|Any CPU.ActiveCfg = Debug|Any CPU
		{7DF43332-4C1E-4521-A337-1D82C4D74360}.Debug|Any CPU.Build.0 = Debug|Any CPU
		{7DF43332-4C1E-4521-A337-1D82C4D74360}.Release|Any CPU.ActiveCfg = Release|Any CPU
		{7DF43332-4C1E-4521-A337-1D82C4D74360}.Release|Any CPU.Build.0 = Release|Any CPU
		{2F46152C-BEDA-4C3E-94A6-577D17C36771}.Debug|Any CPU.ActiveCfg = Debug|Any CPU
		{2F46152C-BEDA-4C3E-94A6-577D17C36771}.Debug|Any CPU.Build.0 = Debug|Any CPU
		{2F46152C-BEDA-4C3E-94A6-577D17C36771}.Release|Any CPU.ActiveCfg = Release|Any CPU
		{2F46152C-BEDA-4C3E-94A6-577D17C36771}.Release|Any CPU.Build.0 = Release|Any CPU
	EndGlobalSection
	GlobalSection(SolutionProperties) = preSolution
		HideSolutionNode = FALSE
	EndGlobalSection
	GlobalSection(ExtensibilityGlobals) = postSolution
		SolutionGuid = {1DB9ED94-1B67-4721-A890-BF74C80A5530}
	EndGlobalSection
EndGlobal
